
Microsoft Visual Studio Solution File, Format Version 12.00
# Visual Studio 15
VisualStudioVersion = 15.0.27130.2020
MinimumVisualStudioVersion = 10.0.40219.1
Project("{8BC9CEB8-8B4A-11D0-8D11-00A0C91BC942}") = "TerrorsOfTheDeep", "TerrorsOfTheDeep\TerrorsOfTheDeep.vcxproj", "{86D0DF67-DB7C-48FA-9063-808E0F63F385}"
EndProject
Project("{8BC9CEB8-8B4A-11D0-8D11-00A0C91BC942}") = "UnitTesting", "UnitTesting\UnitTesting.vcxproj", "{FABCD80D-7EC0-42E8-85EA-8A0B5C103951}"
	ProjectSection(ProjectDependencies) = postProject
		{86D0DF67-DB7C-48FA-9063-808E0F63F385} = {86D0DF67-DB7C-48FA-9063-808E0F63F385}
	EndProjectSection
EndProject
Global
	GlobalSection(SolutionConfigurationPlatforms) = preSolution
		Debug|x64 = Debug|x86
		Debug|x86 = Debug|x86
		Release|x64 = Release|x86
		Release|x86 = Release|x86
	EndGlobalSection
	GlobalSection(ProjectConfigurationPlatforms) = postSolution
		{86D0DF67-DB7C-48FA-9063-808E0F63F385}.Debug|x64.ActiveCfg = Debug|Win32
		{86D0DF67-DB7C-48FA-9063-808E0F63F385}.Debug|x64.Build.0 = Debug|Win32
		{86D0DF67-DB7C-48FA-9063-808E0F63F385}.Debug|x86.ActiveCfg = Debug|Win32
		{86D0DF67-DB7C-48FA-9063-808E0F63F385}.Debug|x86.Build.0 = Debug|Win32
		{86D0DF67-DB7C-48FA-9063-808E0F63F385}.Release|x64.ActiveCfg = Debug|Win32
		{86D0DF67-DB7C-48FA-9063-808E0F63F385}.Release|x64.Build.0 = Debug|Win32
		{86D0DF67-DB7C-48FA-9063-808E0F63F385}.Release|x86.ActiveCfg = Debug|Win32
		{86D0DF67-DB7C-48FA-9063-808E0F63F385}.Release|x86.Build.0 = Debug|Win32
		{FABCD80D-7EC0-42E8-85EA-8A0B5C103951}.Debug|x64.ActiveCfg = Debug|Win32
		{FABCD80D-7EC0-42E8-85EA-8A0B5C103951}.Debug|x64.Build.0 = Debug|Win32
		{FABCD80D-7EC0-42E8-85EA-8A0B5C103951}.Debug|x86.ActiveCfg = Debug|Win32
		{FABCD80D-7EC0-42E8-85EA-8A0B5C103951}.Debug|x86.Build.0 = Debug|Win32
		{FABCD80D-7EC0-42E8-85EA-8A0B5C103951}.Release|x64.ActiveCfg = Debug|Win32
		{FABCD80D-7EC0-42E8-85EA-8A0B5C103951}.Release|x64.Build.0 = Debug|Win32
		{FABCD80D-7EC0-42E8-85EA-8A0B5C103951}.Release|x86.ActiveCfg = Debug|Win32
		{FABCD80D-7EC0-42E8-85EA-8A0B5C103951}.Release|x86.Build.0 = Debug|Win32
	EndGlobalSection
	GlobalSection(SolutionProperties) = preSolution
		HideSolutionNode = FALSE
	EndGlobalSection
	GlobalSection(ExtensibilityGlobals) = postSolution
		SolutionGuid = {41B41F6A-DE32-47F9-A52F-A484BC867499}
	EndGlobalSection
EndGlobal
